
Microsoft Visual Studio Solution File, Format Version 12.00
# Visual Studio 15
Project("{FAE04EC0-301F-11D3-BF4B-00C04F79EFBC}") = "Zenject", "Zenject.csproj", "{A06FDC85-855A-B070-E9B7-2E57DC5B17A6}"
EndProject
Project("{FAE04EC0-301F-11D3-BF4B-00C04F79EFBC}") = "Obi", "Obi.csproj", "{04969B3D-3761-A14F-470D-08F5E09B4A7A}"
EndProject
Project("{FAE04EC0-301F-11D3-BF4B-00C04F79EFBC}") = "Assembly-CSharp", "Assembly-CSharp.csproj", "{2B3CD19A-E278-43D5-7F50-8A9BE0469C9E}"
EndProject
Project("{FAE04EC0-301F-11D3-BF4B-00C04F79EFBC}") = "Tayx.Graphy", "Tayx.Graphy.csproj", "{6969FF3E-37D3-D60E-53D3-038B5C474286}"
EndProject
Project("{FAE04EC0-301F-11D3-BF4B-00C04F79EFBC}") = "CFXRDemo", "CFXRDemo.csproj", "{5C74AE8D-F424-EAE7-36D1-5B6406CF9E77}"
EndProject
Project("{FAE04EC0-301F-11D3-BF4B-00C04F79EFBC}") = "CFXRRuntime", "CFXRRuntime.csproj", "{0E150CA3-B08F-97A7-9BD1-2D9D96B10060}"
EndProject
Project("{FAE04EC0-301F-11D3-BF4B-00C04F79EFBC}") = "KinoBloom.Runtime", "KinoBloom.Runtime.csproj", "{583F07CB-6EF4-BBB8-36E1-11313C753B16}"
EndProject
Project("{FAE04EC0-301F-11D3-BF4B-00C04F79EFBC}") = "ZibraAILiquid", "ZibraAILiquid.csproj", "{7B29FADB-E86F-F697-9DD2-FE18D07EE946}"
EndProject
Project("{FAE04EC0-301F-11D3-BF4B-00C04F79EFBC}") = "ZibraAILiquid.Samples", "ZibraAILiquid.Samples.csproj", "{EB22AEEE-7EE0-413B-CEFF-812B5E4BE2BF}"
EndProject
Project("{FAE04EC0-301F-11D3-BF4B-00C04F79EFBC}") = "Zenject-PoolMonitor-Editor", "Zenject-PoolMonitor-Editor.csproj", "{DF366BED-B63A-B084-9DB5-07B5502D960F}"
EndProject
Project("{FAE04EC0-301F-11D3-BF4B-00C04F79EFBC}") = "Obi.Editor", "Obi.Editor.csproj", "{2BF5A217-C311-691B-052A-CADD9F30D9CD}"
EndProject
Project("{FAE04EC0-301F-11D3-BF4B-00C04F79EFBC}") = "Assembly-CSharp-Editor", "Assembly-CSharp-Editor.csproj", "{8B62B92C-573B-09B6-142F-E3D97790812A}"
EndProject
Project("{FAE04EC0-301F-11D3-BF4B-00C04F79EFBC}") = "Zenject-ReflectionBaking-Editor", "Zenject-ReflectionBaking-Editor.csproj", "{B14B4029-FF98-06D9-A7F6-3198D07DBB3C}"
EndProject
Project("{FAE04EC0-301F-11D3-BF4B-00C04F79EFBC}") = "CFXREditor", "CFXREditor.csproj", "{7632E4C4-31F0-C5E8-8921-0F37B26AA791}"
EndProject
Project("{FAE04EC0-301F-11D3-BF4B-00C04F79EFBC}") = "Tayx.Graphy.Editor", "Tayx.Graphy.Editor.csproj", "{DD8DA743-157B-E03D-DB0D-715F82E50150}"
EndProject
Project("{FAE04EC0-301F-11D3-BF4B-00C04F79EFBC}") = "Zenject-TestFramework", "Zenject-TestFramework.csproj", "{DE77AEDD-384B-1C24-F50D-386FF93765C3}"
EndProject
Project("{FAE04EC0-301F-11D3-BF4B-00C04F79EFBC}") = "Zenject-Editor", "Zenject-Editor.csproj", "{C6F116B4-EAC3-B3C9-AB43-8EAB5BC7C4E0}"
EndProject
Project("{FAE04EC0-301F-11D3-BF4B-00C04F79EFBC}") = "CFXR.WelcomeScreen", "CFXR.WelcomeScreen.csproj", "{25B8C3E7-5764-8FAA-0ECA-8582F1B4BA4F}"
EndProject
Project("{FAE04EC0-301F-11D3-BF4B-00C04F79EFBC}") = "ToonyColorsPro.Demo.Editor", "ToonyColorsPro.Demo.Editor.csproj", "{C4BD670B-B244-877B-C9BA-618FEAC0A011}"
EndProject
Project("{FAE04EC0-301F-11D3-BF4B-00C04F79EFBC}") = "ZibraAILiquid.Settings.Editor", "ZibraAILiquid.Settings.Editor.csproj", "{9A5D9E2B-00A2-1449-DF4E-66980327044C}"
EndProject
Global
	GlobalSection(SolutionConfigurationPlatforms) = preSolution
		Debug|Any CPU = Debug|Any CPU
		Release|Any CPU = Release|Any CPU
	EndGlobalSection
	GlobalSection(ProjectConfigurationPlatforms) = postSolution
		{A06FDC85-855A-B070-E9B7-2E57DC5B17A6}.Debug|Any CPU.ActiveCfg = Debug|Any CPU
		{A06FDC85-855A-B070-E9B7-2E57DC5B17A6}.Debug|Any CPU.Build.0 = Debug|Any CPU
		{A06FDC85-855A-B070-E9B7-2E57DC5B17A6}.Release|Any CPU.ActiveCfg = Release|Any CPU
		{A06FDC85-855A-B070-E9B7-2E57DC5B17A6}.Release|Any CPU.Build.0 = Release|Any CPU
		{04969B3D-3761-A14F-470D-08F5E09B4A7A}.Debug|Any CPU.ActiveCfg = Debug|Any CPU
		{04969B3D-3761-A14F-470D-08F5E09B4A7A}.Debug|Any CPU.Build.0 = Debug|Any CPU
		{04969B3D-3761-A14F-470D-08F5E09B4A7A}.Release|Any CPU.ActiveCfg = Release|Any CPU
		{04969B3D-3761-A14F-470D-08F5E09B4A7A}.Release|Any CPU.Build.0 = Release|Any CPU
		{2B3CD19A-E278-43D5-7F50-8A9BE0469C9E}.Debug|Any CPU.ActiveCfg = Debug|Any CPU
		{2B3CD19A-E278-43D5-7F50-8A9BE0469C9E}.Debug|Any CPU.Build.0 = Debug|Any CPU
		{2B3CD19A-E278-43D5-7F50-8A9BE0469C9E}.Release|Any CPU.ActiveCfg = Release|Any CPU
		{2B3CD19A-E278-43D5-7F50-8A9BE0469C9E}.Release|Any CPU.Build.0 = Release|Any CPU
		{6969FF3E-37D3-D60E-53D3-038B5C474286}.Debug|Any CPU.ActiveCfg = Debug|Any CPU
		{6969FF3E-37D3-D60E-53D3-038B5C474286}.Debug|Any CPU.Build.0 = Debug|Any CPU
		{6969FF3E-37D3-D60E-53D3-038B5C474286}.Release|Any CPU.ActiveCfg = Release|Any CPU
		{6969FF3E-37D3-D60E-53D3-038B5C474286}.Release|Any CPU.Build.0 = Release|Any CPU
		{5C74AE8D-F424-EAE7-36D1-5B6406CF9E77}.Debug|Any CPU.ActiveCfg = Debug|Any CPU
		{5C74AE8D-F424-EAE7-36D1-5B6406CF9E77}.Debug|Any CPU.Build.0 = Debug|Any CPU
		{5C74AE8D-F424-EAE7-36D1-5B6406CF9E77}.Release|Any CPU.ActiveCfg = Release|Any CPU
		{5C74AE8D-F424-EAE7-36D1-5B6406CF9E77}.Release|Any CPU.Build.0 = Release|Any CPU
		{0E150CA3-B08F-97A7-9BD1-2D9D96B10060}.Debug|Any CPU.ActiveCfg = Debug|Any CPU
		{0E150CA3-B08F-97A7-9BD1-2D9D96B10060}.Debug|Any CPU.Build.0 = Debug|Any CPU
		{0E150CA3-B08F-97A7-9BD1-2D9D96B10060}.Release|Any CPU.ActiveCfg = Release|Any CPU
		{0E150CA3-B08F-97A7-9BD1-2D9D96B10060}.Release|Any CPU.Build.0 = Release|Any CPU
		{583F07CB-6EF4-BBB8-36E1-11313C753B16}.Debug|Any CPU.ActiveCfg = Debug|Any CPU
		{583F07CB-6EF4-BBB8-36E1-11313C753B16}.Debug|Any CPU.Build.0 = Debug|Any CPU
		{583F07CB-6EF4-BBB8-36E1-11313C753B16}.Release|Any CPU.ActiveCfg = Release|Any CPU
		{583F07CB-6EF4-BBB8-36E1-11313C753B16}.Release|Any CPU.Build.0 = Release|Any CPU
		{7B29FADB-E86F-F697-9DD2-FE18D07EE946}.Debug|Any CPU.ActiveCfg = Debug|Any CPU
		{7B29FADB-E86F-F697-9DD2-FE18D07EE946}.Debug|Any CPU.Build.0 = Debug|Any CPU
		{7B29FADB-E86F-F697-9DD2-FE18D07EE946}.Release|Any CPU.ActiveCfg = Release|Any CPU
		{7B29FADB-E86F-F697-9DD2-FE18D07EE946}.Release|Any CPU.Build.0 = Release|Any CPU
		{EB22AEEE-7EE0-413B-CEFF-812B5E4BE2BF}.Debug|Any CPU.ActiveCfg = Debug|Any CPU
		{EB22AEEE-7EE0-413B-CEFF-812B5E4BE2BF}.Debug|Any CPU.Build.0 = Debug|Any CPU
		{EB22AEEE-7EE0-413B-CEFF-812B5E4BE2BF}.Release|Any CPU.ActiveCfg = Release|Any CPU
		{EB22AEEE-7EE0-413B-CEFF-812B5E4BE2BF}.Release|Any CPU.Build.0 = Release|Any CPU
		{DF366BED-B63A-B084-9DB5-07B5502D960F}.Debug|Any CPU.ActiveCfg = Debug|Any CPU
		{DF366BED-B63A-B084-9DB5-07B5502D960F}.Debug|Any CPU.Build.0 = Debug|Any CPU
		{DF366BED-B63A-B084-9DB5-07B5502D960F}.Release|Any CPU.ActiveCfg = Release|Any CPU
		{DF366BED-B63A-B084-9DB5-07B5502D960F}.Release|Any CPU.Build.0 = Release|Any CPU
		{2BF5A217-C311-691B-052A-CADD9F30D9CD}.Debug|Any CPU.ActiveCfg = Debug|Any CPU
		{2BF5A217-C311-691B-052A-CADD9F30D9CD}.Debug|Any CPU.Build.0 = Debug|Any CPU
		{2BF5A217-C311-691B-052A-CADD9F30D9CD}.Release|Any CPU.ActiveCfg = Release|Any CPU
		{2BF5A217-C311-691B-052A-CADD9F30D9CD}.Release|Any CPU.Build.0 = Release|Any CPU
		{8B62B92C-573B-09B6-142F-E3D97790812A}.Debug|Any CPU.ActiveCfg = Debug|Any CPU
		{8B62B92C-573B-09B6-142F-E3D97790812A}.Debug|Any CPU.Build.0 = Debug|Any CPU
		{8B62B92C-573B-09B6-142F-E3D97790812A}.Release|Any CPU.ActiveCfg = Release|Any CPU
		{8B62B92C-573B-09B6-142F-E3D97790812A}.Release|Any CPU.Build.0 = Release|Any CPU
		{B14B4029-FF98-06D9-A7F6-3198D07DBB3C}.Debug|Any CPU.ActiveCfg = Debug|Any CPU
		{B14B4029-FF98-06D9-A7F6-3198D07DBB3C}.Debug|Any CPU.Build.0 = Debug|Any CPU
		{B14B4029-FF98-06D9-A7F6-3198D07DBB3C}.Release|Any CPU.ActiveCfg = Release|Any CPU
		{B14B4029-FF98-06D9-A7F6-3198D07DBB3C}.Release|Any CPU.Build.0 = Release|Any CPU
		{7632E4C4-31F0-C5E8-8921-0F37B26AA791}.Debug|Any CPU.ActiveCfg = Debug|Any CPU
		{7632E4C4-31F0-C5E8-8921-0F37B26AA791}.Debug|Any CPU.Build.0 = Debug|Any CPU
		{7632E4C4-31F0-C5E8-8921-0F37B26AA791}.Release|Any CPU.ActiveCfg = Release|Any CPU
		{7632E4C4-31F0-C5E8-8921-0F37B26AA791}.Release|Any CPU.Build.0 = Release|Any CPU
		{DD8DA743-157B-E03D-DB0D-715F82E50150}.Debug|Any CPU.ActiveCfg = Debug|Any CPU
		{DD8DA743-157B-E03D-DB0D-715F82E50150}.Debug|Any CPU.Build.0 = Debug|Any CPU
		{DD8DA743-157B-E03D-DB0D-715F82E50150}.Release|Any CPU.ActiveCfg = Release|Any CPU
		{DD8DA743-157B-E03D-DB0D-715F82E50150}.Release|Any CPU.Build.0 = Release|Any CPU
		{DE77AEDD-384B-1C24-F50D-386FF93765C3}.Debug|Any CPU.ActiveCfg = Debug|Any CPU
		{DE77AEDD-384B-1C24-F50D-386FF93765C3}.Debug|Any CPU.Build.0 = Debug|Any CPU
		{DE77AEDD-384B-1C24-F50D-386FF93765C3}.Release|Any CPU.ActiveCfg = Release|Any CPU
		{DE77AEDD-384B-1C24-F50D-386FF93765C3}.Release|Any CPU.Build.0 = Release|Any CPU
		{C6F116B4-EAC3-B3C9-AB43-8EAB5BC7C4E0}.Debug|Any CPU.ActiveCfg = Debug|Any CPU
		{C6F116B4-EAC3-B3C9-AB43-8EAB5BC7C4E0}.Debug|Any CPU.Build.0 = Debug|Any CPU
		{C6F116B4-EAC3-B3C9-AB43-8EAB5BC7C4E0}.Release|Any CPU.ActiveCfg = Release|Any CPU
		{C6F116B4-EAC3-B3C9-AB43-8EAB5BC7C4E0}.Release|Any CPU.Build.0 = Release|Any CPU
		{25B8C3E7-5764-8FAA-0ECA-8582F1B4BA4F}.Debug|Any CPU.ActiveCfg = Debug|Any CPU
		{25B8C3E7-5764-8FAA-0ECA-8582F1B4BA4F}.Debug|Any CPU.Build.0 = Debug|Any CPU
		{25B8C3E7-5764-8FAA-0ECA-8582F1B4BA4F}.Release|Any CPU.ActiveCfg = Release|Any CPU
		{25B8C3E7-5764-8FAA-0ECA-8582F1B4BA4F}.Release|Any CPU.Build.0 = Release|Any CPU
		{C4BD670B-B244-877B-C9BA-618FEAC0A011}.Debug|Any CPU.ActiveCfg = Debug|Any CPU
		{C4BD670B-B244-877B-C9BA-618FEAC0A011}.Debug|Any CPU.Build.0 = Debug|Any CPU
		{C4BD670B-B244-877B-C9BA-618FEAC0A011}.Release|Any CPU.ActiveCfg = Release|Any CPU
		{C4BD670B-B244-877B-C9BA-618FEAC0A011}.Release|Any CPU.Build.0 = Release|Any CPU
		{9A5D9E2B-00A2-1449-DF4E-66980327044C}.Debug|Any CPU.ActiveCfg = Debug|Any CPU
		{9A5D9E2B-00A2-1449-DF4E-66980327044C}.Debug|Any CPU.Build.0 = Debug|Any CPU
		{9A5D9E2B-00A2-1449-DF4E-66980327044C}.Release|Any CPU.ActiveCfg = Release|Any CPU
		{9A5D9E2B-00A2-1449-DF4E-66980327044C}.Release|Any CPU.Build.0 = Release|Any CPU
	EndGlobalSection
	GlobalSection(SolutionProperties) = preSolution
		HideSolutionNode = FALSE
	EndGlobalSection
EndGlobal
